
Microsoft Visual Studio Solution File, Format Version 12.00
# Visual Studio 14
VisualStudioVersion = 14.0.24720.0
MinimumVisualStudioVersion = 10.0.40219.1
Project("{2150E333-8FDC-42A3-9474-1A3956D46DE8}") = "PublishScripts", "PublishScripts", "{78417525-436D-455E-950E-43D26F56CE02}"
	ProjectSection(SolutionItems) = preProject
		PublishScripts\AzureWebsitePublishModule.psm1 = PublishScripts\AzureWebsitePublishModule.psm1
		PublishScripts\Publish-WebApplicationWebsite.ps1 = PublishScripts\Publish-WebApplicationWebsite.ps1
	EndProjectSection
EndProject
Project("{2150E333-8FDC-42A3-9474-1A3956D46DE8}") = "Configurations", "Configurations", "{ADA8C1A2-1196-466E-97B8-54B0E449FB51}"
	ProjectSection(SolutionItems) = preProject
		PublishScripts\Configurations\DCCStore-WAWS-dev.json = PublishScripts\Configurations\DCCStore-WAWS-dev.json
	EndProjectSection
EndProject
Project("{FAE04EC0-301F-11D3-BF4B-00C04F79EFBC}") = "DCCStore.MVC", "DCCStore.MVC\DCCStore.MVC.csproj", "{1E61C8A6-C036-4C92-A297-5A85E725CD15}"
EndProject
Project("{FAE04EC0-301F-11D3-BF4B-00C04F79EFBC}") = "DCCStore.Data", "DCCStore.Data\DCCStore.Data.csproj", "{EF0680A5-4D76-4F50-87E5-D4F843E1BFBB}"
EndProject
Project("{FAE04EC0-301F-11D3-BF4B-00C04F79EFBC}") = "DCCStore.Services", "DCCStore.Services\DCCStore.Services.csproj", "{9DCC9925-BB14-4471-92D0-A9129EB727FA}"
EndProject
Global
	GlobalSection(SolutionConfigurationPlatforms) = preSolution
		Debug|Any CPU = Debug|Any CPU
		Release|Any CPU = Release|Any CPU
	EndGlobalSection
	GlobalSection(ProjectConfigurationPlatforms) = postSolution
		{1E61C8A6-C036-4C92-A297-5A85E725CD15}.Debug|Any CPU.ActiveCfg = Debug|Any CPU
		{1E61C8A6-C036-4C92-A297-5A85E725CD15}.Debug|Any CPU.Build.0 = Debug|Any CPU
		{1E61C8A6-C036-4C92-A297-5A85E725CD15}.Release|Any CPU.ActiveCfg = Release|Any CPU
		{1E61C8A6-C036-4C92-A297-5A85E725CD15}.Release|Any CPU.Build.0 = Release|Any CPU
		{EF0680A5-4D76-4F50-87E5-D4F843E1BFBB}.Debug|Any CPU.ActiveCfg = Debug|Any CPU
		{EF0680A5-4D76-4F50-87E5-D4F843E1BFBB}.Debug|Any CPU.Build.0 = Debug|Any CPU
		{EF0680A5-4D76-4F50-87E5-D4F843E1BFBB}.Release|Any CPU.ActiveCfg = Release|Any CPU
		{EF0680A5-4D76-4F50-87E5-D4F843E1BFBB}.Release|Any CPU.Build.0 = Release|Any CPU
		{9DCC9925-BB14-4471-92D0-A9129EB727FA}.Debug|Any CPU.ActiveCfg = Debug|Any CPU
		{9DCC9925-BB14-4471-92D0-A9129EB727FA}.Debug|Any CPU.Build.0 = Debug|Any CPU
		{9DCC9925-BB14-4471-92D0-A9129EB727FA}.Release|Any CPU.ActiveCfg = Release|Any CPU
		{9DCC9925-BB14-4471-92D0-A9129EB727FA}.Release|Any CPU.Build.0 = Release|Any CPU
	EndGlobalSection
	GlobalSection(SolutionProperties) = preSolution
		HideSolutionNode = FALSE
	EndGlobalSection
	GlobalSection(NestedProjects) = preSolution
		{ADA8C1A2-1196-466E-97B8-54B0E449FB51} = {78417525-436D-455E-950E-43D26F56CE02}
	EndGlobalSection
EndGlobal
