
Microsoft Visual Studio Solution File, Format Version 12.00
# Visual Studio 14
VisualStudioVersion = 14.0.24720.0
MinimumVisualStudioVersion = 10.0.40219.1
Project("{2150E333-8FDC-42A3-9474-1A3956D46DE8}") = "PublishScripts", "PublishScripts", "{78417525-436D-455E-950E-43D26F56CE02}"
	ProjectSection(SolutionItems) = preProject
		PublishScripts\AzureWebsitePublishModule.psm1 = PublishScripts\AzureWebsitePublishModule.psm1
		PublishScripts\Publish-WebApplicationWebsite.ps1 = PublishScripts\Publish-WebApplicationWebsite.ps1
	EndProjectSection
EndProject
Project("{2150E333-8FDC-42A3-9474-1A3956D46DE8}") = "Configurations", "Configurations", "{ADA8C1A2-1196-466E-97B8-54B0E449FB51}"
	ProjectSection(SolutionItems) = preProject
		PublishScripts\Configurations\DCCStore-WAWS-dev.json = PublishScripts\Configurations\DCCStore-WAWS-dev.json
	EndProjectSection
EndProject
Project("{FAE04EC0-301F-11D3-BF4B-00C04F79EFBC}") = "DCCScore.Data", "DCCStore.Data\DCCScore.Data.csproj", "{EF0680A5-4D76-4F50-87E5-D4F843E1BFBB}"
EndProject
Project("{FAE04EC0-301F-11D3-BF4B-00C04F79EFBC}") = "DCCScore.Services", "DCCStore.Services\DCCScore.Services.csproj", "{9DCC9925-BB14-4471-92D0-A9129EB727FA}"
EndProject
Project("{FAE04EC0-301F-11D3-BF4B-00C04F79EFBC}") = "DCCScore.Utils", "DCCScore.Utils\DCCScore.Utils.csproj", "{B8323B9B-D07F-4ECF-9EC4-B8C12AAAC479}"
EndProject
Project("{FAE04EC0-301F-11D3-BF4B-00C04F79EFBC}") = "DCCScore.MVC", "DCCScore.MVC\DCCScore.MVC.csproj", "{AAFC5F39-890D-4451-9C66-00BCFEF5B1A7}"
EndProject
Project("{2150E333-8FDC-42A3-9474-1A3956D46DE8}") = "Solution Items", "Solution Items", "{E26AA6D9-535A-461D-86B3-AAA939DD2515}"
	ProjectSection(SolutionItems) = preProject
		.travis.yml = .travis.yml
	EndProjectSection
EndProject
Global
	GlobalSection(SolutionConfigurationPlatforms) = preSolution
		Debug|Any CPU = Debug|Any CPU
		Release|Any CPU = Release|Any CPU
	EndGlobalSection
	GlobalSection(ProjectConfigurationPlatforms) = postSolution
		{EF0680A5-4D76-4F50-87E5-D4F843E1BFBB}.Debug|Any CPU.ActiveCfg = Debug|Any CPU
		{EF0680A5-4D76-4F50-87E5-D4F843E1BFBB}.Debug|Any CPU.Build.0 = Debug|Any CPU
		{EF0680A5-4D76-4F50-87E5-D4F843E1BFBB}.Release|Any CPU.ActiveCfg = Release|Any CPU
		{EF0680A5-4D76-4F50-87E5-D4F843E1BFBB}.Release|Any CPU.Build.0 = Release|Any CPU
		{9DCC9925-BB14-4471-92D0-A9129EB727FA}.Debug|Any CPU.ActiveCfg = Debug|Any CPU
		{9DCC9925-BB14-4471-92D0-A9129EB727FA}.Debug|Any CPU.Build.0 = Debug|Any CPU
		{9DCC9925-BB14-4471-92D0-A9129EB727FA}.Release|Any CPU.ActiveCfg = Release|Any CPU
		{9DCC9925-BB14-4471-92D0-A9129EB727FA}.Release|Any CPU.Build.0 = Release|Any CPU
		{B8323B9B-D07F-4ECF-9EC4-B8C12AAAC479}.Debug|Any CPU.ActiveCfg = Debug|Any CPU
		{B8323B9B-D07F-4ECF-9EC4-B8C12AAAC479}.Debug|Any CPU.Build.0 = Debug|Any CPU
		{B8323B9B-D07F-4ECF-9EC4-B8C12AAAC479}.Release|Any CPU.ActiveCfg = Release|Any CPU
		{B8323B9B-D07F-4ECF-9EC4-B8C12AAAC479}.Release|Any CPU.Build.0 = Release|Any CPU
		{AAFC5F39-890D-4451-9C66-00BCFEF5B1A7}.Debug|Any CPU.ActiveCfg = Debug|Any CPU
		{AAFC5F39-890D-4451-9C66-00BCFEF5B1A7}.Debug|Any CPU.Build.0 = Debug|Any CPU
		{AAFC5F39-890D-4451-9C66-00BCFEF5B1A7}.Release|Any CPU.ActiveCfg = Release|Any CPU
		{AAFC5F39-890D-4451-9C66-00BCFEF5B1A7}.Release|Any CPU.Build.0 = Release|Any CPU
	EndGlobalSection
	GlobalSection(SolutionProperties) = preSolution
		HideSolutionNode = FALSE
	EndGlobalSection
	GlobalSection(NestedProjects) = preSolution
		{ADA8C1A2-1196-466E-97B8-54B0E449FB51} = {78417525-436D-455E-950E-43D26F56CE02}
	EndGlobalSection
EndGlobal
